PODS:
  - Alamofire (4.6.0)
  - Moya/Core (11.0.0):
    - Alamofire (~> 4.1)
    - Result (~> 3.0)
  - Moya/RxSwift (11.0.0):
    - Moya/Core
    - RxSwift (~> 4.0)
  - Nimble (7.0.3)
  - Quick (1.2.0)
  - Result (3.2.4)
  - RxBlocking (4.1.2):
    - RxSwift (~> 4.0)
  - RxCocoa (4.1.2):
    - RxSwift (~> 4.0)
  - RxSwift (4.1.2)
  - RxTest (4.1.2):
    - RxSwift (~> 4.0)
  - Sourcery (0.10.1)
  - SwiftyJSON (4.0.0)

DEPENDENCIES:
  - Moya/RxSwift (= 11.0.0)
  - Nimble (= 7.0.3)
  - Quick (= 1.2.0)
  - RxBlocking (= 4.1.2)
  - RxCocoa (= 4.1.2)
  - RxSwift (= 4.1.2)
  - RxTest (= 4.1.2)
  - Sourcery (= 0.10.1)
  - SwiftyJSON (= 4.0.0)

SPEC CHECKSUMS:
  Alamofire: f41a599bd63041760b26d393ec1069d9d7b917f4
  Moya: be29766339783963a70d1279d69c891ab3a1393c
  Nimble: 7f5a9c447a33002645a071bddafbfb24ea70e0ac
  Quick: 58d203b1c5e27fff7229c4c1ae445ad7069a7a08
  Result: d2d07204ce72856f1fd9130bbe42c35a7b0fea10
  RxBlocking: f6054985901412fc8c02daa84e92d4ba68c61389
  RxCocoa: d88ba0f1f6abf040011a9eb4b539324fc426843a
  RxSwift: e49536837d9901277638493ea537394d4b55f570
  RxTest: e634f15fd2c2cd0e0120132ef7a4f7be69ad0393
  Sourcery: ac71ac4d490f62fd381a9f3b558f3093d91bddd5
  SwiftyJSON: 070dabdcb1beb81b247c65ffa3a79dbbfb3b48aa

PODFILE CHECKSUM: 4de75ca12c55a355a0211d0a6c79a89ece6cbd1a

COCOAPODS: 1.4.0
